{
  "originHash" : "0ec6aaadbfcf71fac944aa2b8a09581af30f9ec9cc169d6eab41840333632782",
  "pins" : [
    {
      "identity" : "swift-core-foundation-kit",
      "kind" : "remoteSourceControl",
      "location" : "https://github.com/sinoru/swift-core-foundation-kit.git",
      "state" : {
        "revision" : "1986ffe7bd0485d53e79a5e8fb6b00818037f5dc",
        "version" : "0.1.0"
      }
    }
  ],
  "version" : 3
}
